{"cliVersion":"0.17.0","productModuleName":"Hymns","sourceFilePaths":[{"path":"\/Users\/lukelu\/xCode\/Hymns-iOS\/Hymns\/AppDelegate.swift","hash":"3597cfb248648eb21a3156a6db00a2d5176e386a"},{"path":"\/Users\/lukelu\/xCode\/Hymns-iOS\/Hymns\/Audio Player\/AudioPlayer.swift","hash":"a8ddef399f49f5c013b812ae38c5322a67cfa098"},{"path":"\/Users\/lukelu\/xCode\/Hymns-iOS\/Hymns\/Audio Player\/AudioPlayerViewModel.swift","hash":"51f4d99332a4f5d1523e6c03a21814b09a854a6c"},{"path":"\/Users\/lukelu\/xCode\/Hymns-iOS\/Hymns\/Audio Player\/AudioSlider.swift","hash":"f010dd8dae6ea01743366231e04c07755bf60978"},{"path":"\/Users\/lukelu\/xCode\/Hymns-iOS\/Hymns\/Browse\/AllSongsView.swift","hash":"4ff617c1091e6a3fa64b73d64371366544212cd9"},{"path":"\/Users\/lukelu\/xCode\/Hymns-iOS\/Hymns\/Browse\/AllSongsViewModel.swift","hash":"d968973467670672bbf60f9be69a3b0da2f46be7"},{"path":"\/Users\/lukelu\/xCode\/Hymns-iOS\/Hymns\/Browse\/BrowseCategoriesView.swift","hash":"73c4d5dd061e7ccef81c6096281431c2c89c4a34"},{"path":"\/Users\/lukelu\/xCode\/Hymns-iOS\/Hymns\/Browse\/BrowseCategoriesViewModel.swift","hash":"720f8803e9a0e142698f10c548dcb2336b54d523"},{"path":"\/Users\/lukelu\/xCode\/Hymns-iOS\/Hymns\/Browse\/BrowseResultsListView.swift","hash":"580e75fb473d912925e896d6cbe17646763fae4c"},{"path":"\/Users\/lukelu\/xCode\/Hymns-iOS\/Hymns\/Browse\/BrowseResultsListViewModel.swift","hash":"75a1133822c04bfed230941d761a016061796d8d"},{"path":"\/Users\/lukelu\/xCode\/Hymns-iOS\/Hymns\/Browse\/BrowseScripturesView.swift","hash":"27b2f181c9f60f67522cf0b4154c84c35e0cfbfa"},{"path":"\/Users\/lukelu\/xCode\/Hymns-iOS\/Hymns\/Browse\/BrowseScripturesViewModel.swift","hash":"1d83f902aa73adb67fef3d6bc3fcf7b4d44156ed"},{"path":"\/Users\/lukelu\/xCode\/Hymns-iOS\/Hymns\/Browse\/BrowseTab.swift","hash":"b0a67d74fd0ea3db566ec522d289b357974ae636"},{"path":"\/Users\/lukelu\/xCode\/Hymns-iOS\/Hymns\/Browse\/BrowseView.swift","hash":"07045847614ed55137ade14ad31b653ea17890e1"},{"path":"\/Users\/lukelu\/xCode\/Hymns-iOS\/Hymns\/Browse\/BrowseViewModel.swift","hash":"2e1ca0d1368b5ab5842955481f462cc13082cff8"},{"path":"\/Users\/lukelu\/xCode\/Hymns-iOS\/Hymns\/Browse\/CategoryEntity.swift","hash":"ab9abce885cf4061e87b653d72d22659c3744e00"},{"path":"\/Users\/lukelu\/xCode\/Hymns-iOS\/Hymns\/Browse\/CategoryView.swift","hash":"795facb59ef115866c85a39b2961d93c02a2649a"},{"path":"\/Users\/lukelu\/xCode\/Hymns-iOS\/Hymns\/Browse\/CategoryViewModel.swift","hash":"d75b70a6434946c4b50d5c733ca4048e13cc3f1f"},{"path":"\/Users\/lukelu\/xCode\/Hymns-iOS\/Hymns\/Browse\/ScriptureSongView.swift","hash":"d4e85386a59f10e8aab2be3e7c3ac4eccc5f9fc1"},{"path":"\/Users\/lukelu\/xCode\/Hymns-iOS\/Hymns\/Browse\/ScriptureView.swift","hash":"264a83e0250c19f8a320576add8a226f3eef5146"},{"path":"\/Users\/lukelu\/xCode\/Hymns-iOS\/Hymns\/Browse\/ScriptureViewModel.swift","hash":"51c0f81ee980e3dd4496355db3a3e733687a795f"},{"path":"\/Users\/lukelu\/xCode\/Hymns-iOS\/Hymns\/Browse\/SubcategoryView.swift","hash":"86236a0130489fdbbeb10ee0d7f91fe9a0cd562a"},{"path":"\/Users\/lukelu\/xCode\/Hymns-iOS\/Hymns\/Browse\/TagListView.swift","hash":"9260547aa2fd2d373b10ad595f1d1ed84c8eee7d"},{"path":"\/Users\/lukelu\/xCode\/Hymns-iOS\/Hymns\/Browse\/TagListViewModel.swift","hash":"d136bd971e763ee2e38b4ebad1d266756468b6e9"},{"path":"\/Users\/lukelu\/xCode\/Hymns-iOS\/Hymns\/Common\/ActivityIndicator.swift","hash":"78e16be869311f2bd221493de991d624940f4227"},{"path":"\/Users\/lukelu\/xCode\/Hymns-iOS\/Hymns\/Common\/CustomTitleView.swift","hash":"08684263924405c9ab78a78175d67ca93e277b71"},{"path":"\/Users\/lukelu\/xCode\/Hymns-iOS\/Hymns\/Common\/Dialog.swift","hash":"9ebec607f20b39f38ef2bca7455bb6a2a563a2d7"},{"path":"\/Users\/lukelu\/xCode\/Hymns-iOS\/Hymns\/Common\/DialogViewModel.swift","hash":"6c3428ef5b4561e4bbbcb5ae8ec2f6c4f4a8ef91"},{"path":"\/Users\/lukelu\/xCode\/Hymns-iOS\/Hymns\/Common\/ErrorView.swift","hash":"3168e678f45eb4e90caff9a32dc24835d757a55b"},{"path":"\/Users\/lukelu\/xCode\/Hymns-iOS\/Hymns\/Common\/FontViewModifier.swift","hash":"3e797ca50d2b0ce96784f74dbcf3bc08fd8661d4"},{"path":"\/Users\/lukelu\/xCode\/Hymns-iOS\/Hymns\/Common\/IconSizeConstants.swift","hash":"b72cc99674f8c7938cd569e4fc241848830d7fd8"},{"path":"\/Users\/lukelu\/xCode\/Hymns-iOS\/Hymns\/Common\/LottieView.swift","hash":"51171aee2c3ffd7d1bdc9971d3c56078fc8fdb0b"},{"path":"\/Users\/lukelu\/xCode\/Hymns-iOS\/Hymns\/Common\/MarqueeView.swift","hash":"afd0ce8da2972ecd355fa799b415a3886206fdd1"},{"path":"\/Users\/lukelu\/xCode\/Hymns-iOS\/Hymns\/Common\/PDFViewer.swift","hash":"942306aa1bde15f3afec2f980c8e2f48ecc53294"},{"path":"\/Users\/lukelu\/xCode\/Hymns-iOS\/Hymns\/Common\/SearchBar.swift","hash":"1e0d96d3fe5abfebb2525310b2167877c6201424"},{"path":"\/Users\/lukelu\/xCode\/Hymns-iOS\/Hymns\/Common\/SongResultView.swift","hash":"92c8e94e8986c2fb89048b49802164f1379fc1be"},{"path":"\/Users\/lukelu\/xCode\/Hymns-iOS\/Hymns\/Common\/SongResultViewModel.swift","hash":"c084e53d613763bc625a1fb3264b6477219eec89"},{"path":"\/Users\/lukelu\/xCode\/Hymns-iOS\/Hymns\/Common\/TabView\/TabBar.swift","hash":"fd4457c8bb9cd7a8f592b1b7a9bea62913dd8ccc"},{"path":"\/Users\/lukelu\/xCode\/Hymns-iOS\/Hymns\/Common\/TabView\/TabItem.swift","hash":"8639527c9c46fcd6825eb77ecc6aff818bb71da1"},{"path":"\/Users\/lukelu\/xCode\/Hymns-iOS\/Hymns\/Common\/TabView\/TabView.swift","hash":"22caa9816571bc9ddbabc3405a8096a9e342b532"},{"path":"\/Users\/lukelu\/xCode\/Hymns-iOS\/Hymns\/Common\/Toast.swift","hash":"42e2a67b697f372cbecbd3149945796f4bcf48f7"},{"path":"\/Users\/lukelu\/xCode\/Hymns-iOS\/Hymns\/Common\/ToolTip.swift","hash":"df86962d9f4d690113e567fa7e75ecc8b11d6dd1"},{"path":"\/Users\/lukelu\/xCode\/Hymns-iOS\/Hymns\/Common\/WebView.swift","hash":"ec5a917b362692bf41e7d67b4e487d2e24ef7da0"},{"path":"\/Users\/lukelu\/xCode\/Hymns-iOS\/Hymns\/Common\/WrappedHStack.swift","hash":"ed645af2341a2171614662b454c67e6a9218d6aa"},{"path":"\/Users\/lukelu\/xCode\/Hymns-iOS\/Hymns\/Debug Implementations\/FavoriteStoreTestImpl.swift","hash":"96d745063034257df58c875b000218b7590db4ca"},{"path":"\/Users\/lukelu\/xCode\/Hymns-iOS\/Hymns\/Debug Implementations\/HistoryStoreTestImpl.swift","hash":"32d391735bf2d9584359aa257b377c179fffc0af"},{"path":"\/Users\/lukelu\/xCode\/Hymns-iOS\/Hymns\/Debug Implementations\/HymnDataStoreTestImpl.swift","hash":"e4dd0e20835641c8bfd98e278476610ff3d77dbc"},{"path":"\/Users\/lukelu\/xCode\/Hymns-iOS\/Hymns\/Debug Implementations\/HymnalApiServiceTestImpl.swift","hash":"05bdac91514f4e3ddd345157bcc81d8ba37cfdf9"},{"path":"\/Users\/lukelu\/xCode\/Hymns-iOS\/Hymns\/Debug Implementations\/PdfLoaderTestImpl.swift","hash":"bab1e49664c712fa2143c6c7ccb834fd00fb0c6b"},{"path":"\/Users\/lukelu\/xCode\/Hymns-iOS\/Hymns\/Debug Implementations\/TagStoreTestImpl.swift","hash":"082cbdc726d65dfb6cdd11015d97cb4135a5bf15"},{"path":"\/Users\/lukelu\/xCode\/Hymns-iOS\/Hymns\/Debug Implementations\/TestHymns.swift","hash":"6d4b85fc8b80092ba288f9e0d3ff41cd9c53591d"},{"path":"\/Users\/lukelu\/xCode\/Hymns-iOS\/Hymns\/Display\/DisplayHymnBottomBar.swift","hash":"bfd356a6c06daf2e7138483670bb1d7957e46406"},{"path":"\/Users\/lukelu\/xCode\/Hymns-iOS\/Hymns\/Display\/DisplayHymnBottomBarButton.swift","hash":"d8b705ea1e628540074f55ac91dd573f57d1d96d"},{"path":"\/Users\/lukelu\/xCode\/Hymns-iOS\/Hymns\/Display\/DisplayHymnBottomBarViewModel.swift","hash":"194e2e6777fe973db4c332311ccab704f09175aa"},{"path":"\/Users\/lukelu\/xCode\/Hymns-iOS\/Hymns\/Display\/DisplayHymnContainerView.swift","hash":"19f48641d0bea6cfea2878534b308ca4558491ba"},{"path":"\/Users\/lukelu\/xCode\/Hymns-iOS\/Hymns\/Display\/DisplayHymnContainerViewModel.swift","hash":"cf1e900de36d466e81e9fa0581d9120ad3302935"},{"path":"\/Users\/lukelu\/xCode\/Hymns-iOS\/Hymns\/Display\/DisplayHymnPdfView.swift","hash":"e26d4d80554d0b4ef9e086eef0aed0a76753f2b2"},{"path":"\/Users\/lukelu\/xCode\/Hymns-iOS\/Hymns\/Display\/DisplayHymnToolbar.swift","hash":"1fa58c49afca2f8176822ac0e7145dcaa00612b8"},{"path":"\/Users\/lukelu\/xCode\/Hymns-iOS\/Hymns\/Display\/DisplayHymnView.swift","hash":"57f1b5ca59cba786f96784263e81843457b4f873"},{"path":"\/Users\/lukelu\/xCode\/Hymns-iOS\/Hymns\/Display\/DisplayHymnViewModel.swift","hash":"949d91268453c7077bcc13cc25f5ba8a3714f43f"},{"path":"\/Users\/lukelu\/xCode\/Hymns-iOS\/Hymns\/Display\/HymnLyricsTab.swift","hash":"ce54d8eb2b3a35a45e4055dbbd4fd7344b1eee11"},{"path":"\/Users\/lukelu\/xCode\/Hymns-iOS\/Hymns\/Display\/HymnLyricsView.swift","hash":"cec21122bd420459641723f2d998eb7b323a2447"},{"path":"\/Users\/lukelu\/xCode\/Hymns-iOS\/Hymns\/Display\/HymnLyricsViewModel.swift","hash":"a9df0bb647f02aaa85537e4ed889ad730970e4a3"},{"path":"\/Users\/lukelu\/xCode\/Hymns-iOS\/Hymns\/Display\/ShareSheet.swift","hash":"a94fad46e126ba887bca7c3fe339d28d6aa145d8"},{"path":"\/Users\/lukelu\/xCode\/Hymns-iOS\/Hymns\/Display\/Song Info\/SongInfoDialogView.swift","hash":"25342b0d4f8912eb4d5eda4dc44963c3175d700d"},{"path":"\/Users\/lukelu\/xCode\/Hymns-iOS\/Hymns\/Display\/Song Info\/SongInfoDialogViewModel.swift","hash":"c9ac37231c562e966d8c007c7d1f59a542f0d256"},{"path":"\/Users\/lukelu\/xCode\/Hymns-iOS\/Hymns\/Display\/Song Info\/SongInfoSheetView.swift","hash":"8c7d0f002262fbd7fe63e3de384d35521f7a5f61"},{"path":"\/Users\/lukelu\/xCode\/Hymns-iOS\/Hymns\/Display\/Song Info\/SongInfoView.swift","hash":"fec41bd18b0cef369f6d094b860844d30e2fbfee"},{"path":"\/Users\/lukelu\/xCode\/Hymns-iOS\/Hymns\/Display\/Song Info\/SongInfoViewModel.swift","hash":"d3e4ca570ae4735f3bf853f6074e713c68ba01a6"},{"path":"\/Users\/lukelu\/xCode\/Hymns-iOS\/Hymns\/Display\/SoundCloudPlayer.swift","hash":"5bc3d259df7f88739179f2268a5dd5dfe1ec6713"},{"path":"\/Users\/lukelu\/xCode\/Hymns-iOS\/Hymns\/Display\/SoundCloudPlayerViewModel.swift","hash":"b326491e30276c75907bd1613fab29ef6c9946c7"},{"path":"\/Users\/lukelu\/xCode\/Hymns-iOS\/Hymns\/Display\/SoundCloudView.swift","hash":"28cf9957001cd62dd84df7ec8b286fde18185897"},{"path":"\/Users\/lukelu\/xCode\/Hymns-iOS\/Hymns\/Display\/SoundCloudViewModel.swift","hash":"b85ba5facfe7616f8cede2f397210aea050663fa"},{"path":"\/Users\/lukelu\/xCode\/Hymns-iOS\/Hymns\/Display\/SoundCloudWebView.swift","hash":"31a3f55b977c404759db44cd3f80e2cee51bf1d5"},{"path":"\/Users\/lukelu\/xCode\/Hymns-iOS\/Hymns\/Display\/VerseView.swift","hash":"e5f3716fd150c9cd89d4f3f60cb0e65f71b91168"},{"path":"\/Users\/lukelu\/xCode\/Hymns-iOS\/Hymns\/Display\/VerseViewModel.swift","hash":"2139d3f329d95f31e0ab14d84bf08156fcb33c68"},{"path":"\/Users\/lukelu\/xCode\/Hymns-iOS\/Hymns\/Favorites\/FavoriteEntity.swift","hash":"12e359cdeb24aac43b55c2b5c97597f1b3ec0507"},{"path":"\/Users\/lukelu\/xCode\/Hymns-iOS\/Hymns\/Favorites\/FavoriteStore.swift","hash":"4d7be03092db8c37ff10bb4f350dd3fed7a0e58d"},{"path":"\/Users\/lukelu\/xCode\/Hymns-iOS\/Hymns\/Favorites\/FavoritesView.swift","hash":"5fa781bb0f5d5a1606d66d2137a1773459906245"},{"path":"\/Users\/lukelu\/xCode\/Hymns-iOS\/Hymns\/Favorites\/FavoritesViewModel.swift","hash":"20bd4c04b9f2e913977e3f99d1038edef8c140d0"},{"path":"\/Users\/lukelu\/xCode\/Hymns-iOS\/Hymns\/History\/HistoryStore.swift","hash":"15a68f973505e5c59087b2e0057dad2056de797c"},{"path":"\/Users\/lukelu\/xCode\/Hymns-iOS\/Hymns\/History\/RecentSong.swift","hash":"ca5f75e793e6f9b4198a220bdc380e32ed47cd5b"},{"path":"\/Users\/lukelu\/xCode\/Hymns-iOS\/Hymns\/Home\/HomeContainerView.swift","hash":"0f54a7c5f941c3739bcb5b78138be478d95f51bc"},{"path":"\/Users\/lukelu\/xCode\/Hymns-iOS\/Hymns\/Home\/HomeTab.swift","hash":"23775186b2119d36640720cb96835e3c4b10c614"},{"path":"\/Users\/lukelu\/xCode\/Hymns-iOS\/Hymns\/Home\/HomeView.swift","hash":"3a4c264048620d773ca6894f0e520f59756a1f5b"},{"path":"\/Users\/lukelu\/xCode\/Hymns-iOS\/Hymns\/Home\/HomeViewModel.swift","hash":"ab75007e54a81d9eef518ad1ec226b41229a7203"},{"path":"\/Users\/lukelu\/xCode\/Hymns-iOS\/Hymns\/Home\/LaunchRouterView.swift","hash":"f301886fe214df7fd0bd19423b4101431b3dbfcf"},{"path":"\/Users\/lukelu\/xCode\/Hymns-iOS\/Hymns\/Infrastructure\/Analytics\/AnalyticsLogger.swift","hash":"3876ed52cd9c2c5b4e38cd174136594da13edc4f"},{"path":"\/Users\/lukelu\/xCode\/Hymns-iOS\/Hymns\/Infrastructure\/Analytics\/EventType.swift","hash":"f2643cb584a3a51afd256e42ba08d6c437b8b985"},{"path":"\/Users\/lukelu\/xCode\/Hymns-iOS\/Hymns\/Infrastructure\/Application+Extensions.swift","hash":"2e7791aa7d07f2d6a33aa625a1a552c2849d8040"},{"path":"\/Users\/lukelu\/xCode\/Hymns-iOS\/Hymns\/Infrastructure\/Application\/UserDefaultsManager.swift","hash":"e883fbfb9b0566aff3eebd53deb96a4b7f07056e"},{"path":"\/Users\/lukelu\/xCode\/Hymns-iOS\/Hymns\/Infrastructure\/ContentSizeCategory+Extensions.swift","hash":"04e8782392f4d496053864e365d0bb6ee4555f7f"},{"path":"\/Users\/lukelu\/xCode\/Hymns-iOS\/Hymns\/Infrastructure\/Data+Extensions.swift","hash":"63d3d9d4a2360616413a9c6b1b5915ebeaf5cdf1"},{"path":"\/Users\/lukelu\/xCode\/Hymns-iOS\/Hymns\/Infrastructure\/Data\/Converter.swift","hash":"3a134751c3480913d3b7d8a94fca6ae2d19e371c"},{"path":"\/Users\/lukelu\/xCode\/Hymns-iOS\/Hymns\/Infrastructure\/Data\/ErrorType.swift","hash":"042a98997e4453f591941d626b25a81fed78a7bb"},{"path":"\/Users\/lukelu\/xCode\/Hymns-iOS\/Hymns\/Infrastructure\/Data\/HymnDataStore.swift","hash":"947dae5230d4ed09aa56a518336f26fa50b9097e"},{"path":"\/Users\/lukelu\/xCode\/Hymns-iOS\/Hymns\/Infrastructure\/Data\/HymnalApiService.swift","hash":"0d6eabc76aedfceeccb2933796653f4464d1f950"},{"path":"\/Users\/lukelu\/xCode\/Hymns-iOS\/Hymns\/Infrastructure\/Data\/HymnalNetService.swift","hash":"de89e61ba3fa7556e79302cd56792d37f351b573"},{"path":"\/Users\/lukelu\/xCode\/Hymns-iOS\/Hymns\/Infrastructure\/Data\/Models\/Book.swift","hash":"94f8803e3c82c4189b6b3e0495bf21feedecc0d8"},{"path":"\/Users\/lukelu\/xCode\/Hymns-iOS\/Hymns\/Infrastructure\/Data\/Models\/Datum.swift","hash":"c5633c7d7ed8bb6d9ab781a95a271e20a7d811d1"},{"path":"\/Users\/lukelu\/xCode\/Hymns-iOS\/Hymns\/Infrastructure\/Data\/Models\/Hymn.swift","hash":"3618b68eb92b357b98c2fab5cf44fa41670163f9"},{"path":"\/Users\/lukelu\/xCode\/Hymns-iOS\/Hymns\/Infrastructure\/Data\/Models\/HymnEntity.swift","hash":"5199cf15d13b379aa98975788dc5bcf0e869b009"},{"path":"\/Users\/lukelu\/xCode\/Hymns-iOS\/Hymns\/Infrastructure\/Data\/Models\/HymnIdentifier.swift","hash":"c311dc906ad7d63f0d7bfc57f31ae1d0fe7ef2c5"},{"path":"\/Users\/lukelu\/xCode\/Hymns-iOS\/Hymns\/Infrastructure\/Data\/Models\/HymnType.swift","hash":"d507c719e32572f986de08252fdde07d705a9622"},{"path":"\/Users\/lukelu\/xCode\/Hymns-iOS\/Hymns\/Infrastructure\/Data\/Models\/MetaDatum.swift","hash":"7ddc122982cd9fea6d342abedf665feacbf6fb7d"},{"path":"\/Users\/lukelu\/xCode\/Hymns-iOS\/Hymns\/Infrastructure\/Data\/Models\/ScriptureEntity.swift","hash":"87019322488f8bed250d5a70f594025f098386a6"},{"path":"\/Users\/lukelu\/xCode\/Hymns-iOS\/Hymns\/Infrastructure\/Data\/Models\/ScriptureResult.swift","hash":"63f02513f160bf4c6b2b21a2f7f10d84eba3b65b"},{"path":"\/Users\/lukelu\/xCode\/Hymns-iOS\/Hymns\/Infrastructure\/Data\/Models\/SearchResultEntity.swift","hash":"afda70824cec9272d00cd89000ab7c2ff90a5730"},{"path":"\/Users\/lukelu\/xCode\/Hymns-iOS\/Hymns\/Infrastructure\/Data\/Models\/SongResultEntity.swift","hash":"ca8b3102aa88e2a99c1ac197d94b8c7dc2c402e1"},{"path":"\/Users\/lukelu\/xCode\/Hymns-iOS\/Hymns\/Infrastructure\/Data\/Models\/SongResultsPage.swift","hash":"9b36e3cf95e909a5cb679edbe8e18dfb2b8706a8"},{"path":"\/Users\/lukelu\/xCode\/Hymns-iOS\/Hymns\/Infrastructure\/Data\/Models\/UiHymn.swift","hash":"d60507a78839d1a368a7f4edf9e74b0c98992ad4"},{"path":"\/Users\/lukelu\/xCode\/Hymns-iOS\/Hymns\/Infrastructure\/Data\/Models\/UiSongResultsPage.swift","hash":"72eb89b46c566eec59bca780a6a0db0e00e63078"},{"path":"\/Users\/lukelu\/xCode\/Hymns-iOS\/Hymns\/Infrastructure\/Data\/Models\/Verse.swift","hash":"8b18643296c15aa73bd0e17c4ef02046d7ee8eb8"},{"path":"\/Users\/lukelu\/xCode\/Hymns-iOS\/Hymns\/Infrastructure\/Data\/Models\/VerseType.swift","hash":"c84495f9c8f91f732ebf3959c11d2fe4bdf97852"},{"path":"\/Users\/lukelu\/xCode\/Hymns-iOS\/Hymns\/Infrastructure\/Data\/NetworkBoundPublisher.swift","hash":"cbafefe0477e6376781bf48ed57bb5fb77602d5a"},{"path":"\/Users\/lukelu\/xCode\/Hymns-iOS\/Hymns\/Infrastructure\/Data\/PDFPreloader.swift","hash":"2bf7251d7068d0cd9912e777cd3bf8bb44b615aa"},{"path":"\/Users\/lukelu\/xCode\/Hymns-iOS\/Hymns\/Infrastructure\/Data\/Resource.swift","hash":"a521b1d2f18ccc852dd0bbcaa9b27aaa1a16fff4"},{"path":"\/Users\/lukelu\/xCode\/Hymns-iOS\/Hymns\/Infrastructure\/Dependency Injection\/AppDelegate+Injection.swift","hash":"bd0400543357565e95ab518339f69f59ea83da44"},{"path":"\/Users\/lukelu\/xCode\/Hymns-iOS\/Hymns\/Infrastructure\/NonFatal.swift","hash":"14241dd21adb45f53906a7df2be87bf9f91d1da4"},{"path":"\/Users\/lukelu\/xCode\/Hymns-iOS\/Hymns\/Infrastructure\/String+Extensions.swift","hash":"679e32b945a51ce4da1f2032556b1edb5bb363ee"},{"path":"\/Users\/lukelu\/xCode\/Hymns-iOS\/Hymns\/Infrastructure\/View+Extensions.swift","hash":"ed37218af6e8559090869be96c6ed9a686ccb95c"},{"path":"\/Users\/lukelu\/xCode\/Hymns-iOS\/Hymns\/Preview Content\/PreviewHymnIdentifiers.swift","hash":"33eb7439b3bf01e8bf98aa152efb811ef8e10f42"},{"path":"\/Users\/lukelu\/xCode\/Hymns-iOS\/Hymns\/Preview Content\/PreviewHymns.swift","hash":"7741168ba337fef06ee44bf3656c4cccbdd176e9"},{"path":"\/Users\/lukelu\/xCode\/Hymns-iOS\/Hymns\/Preview Content\/PreviewSongResults.swift","hash":"c8fd2d60305f6aa4dad2579b0e959cd12264ade3"},{"path":"\/Users\/lukelu\/xCode\/Hymns-iOS\/Hymns\/Preview Content\/Previews.swift","hash":"55817b549a70508b061826589d34f89e46f76dcf"},{"path":"\/Users\/lukelu\/xCode\/Hymns-iOS\/Hymns\/Repository\/BrowseRepository.swift","hash":"40d7560477c615e28f42047da1b8b7875960d611"},{"path":"\/Users\/lukelu\/xCode\/Hymns-iOS\/Hymns\/Repository\/CategoriesRepository.swift","hash":"2812f0d858b62132f04bc3c30a7cc6f26b64e69a"},{"path":"\/Users\/lukelu\/xCode\/Hymns-iOS\/Hymns\/Repository\/HymnsRepository.swift","hash":"89875bd35e5068d96c326995a63b34f64e741302"},{"path":"\/Users\/lukelu\/xCode\/Hymns-iOS\/Hymns\/Repository\/Repository+Injection.swift","hash":"e7f5289817517082d3791f87135c3ef1580867ce"},{"path":"\/Users\/lukelu\/xCode\/Hymns-iOS\/Hymns\/Repository\/SongResultsRepository.swift","hash":"73c1095e27286392bbda80e57a8486d4b38fbf28"},{"path":"\/Users\/lukelu\/xCode\/Hymns-iOS\/Hymns\/SceneDelegate.swift","hash":"dace70879597f0ba6c6d690b6a4e65045aeeb0b7"},{"path":"\/Users\/lukelu\/xCode\/Hymns-iOS\/Hymns\/Settings\/AboutUsButtonView.swift","hash":"71911c7f0a15872c07c21652fb59c092dab299f9"},{"path":"\/Users\/lukelu\/xCode\/Hymns-iOS\/Hymns\/Settings\/AboutUsDialogView.swift","hash":"970762ba138e108ba1b18486dd4ae7ee8ce62e7b"},{"path":"\/Users\/lukelu\/xCode\/Hymns-iOS\/Hymns\/Settings\/ClearUserDefaultsView.swift","hash":"84c52b2d563626e784a56ca5720f03cc513b7dcd"},{"path":"\/Users\/lukelu\/xCode\/Hymns-iOS\/Hymns\/Settings\/FeedbackView.swift","hash":"b4151901c39d3dae26e2eea1ef972ea1ab15c2a0"},{"path":"\/Users\/lukelu\/xCode\/Hymns-iOS\/Hymns\/Settings\/MailFeedbackView.swift","hash":"8b266f9dcefba3f8861820f7186566404e913d7d"},{"path":"\/Users\/lukelu\/xCode\/Hymns-iOS\/Hymns\/Settings\/PrivacyPolicySettingView.swift","hash":"3703122fee57fca1803609f6f72cf243e38e3371"},{"path":"\/Users\/lukelu\/xCode\/Hymns-iOS\/Hymns\/Settings\/PrivacyPolicyView.swift","hash":"4c690bfbfb878be1341b5dfdcd09fd2f7dddfc1a"},{"path":"\/Users\/lukelu\/xCode\/Hymns-iOS\/Hymns\/Settings\/RepeatChorusView.swift","hash":"997aac955d1d5002c8af3aee518877742c5568fb"},{"path":"\/Users\/lukelu\/xCode\/Hymns-iOS\/Hymns\/Settings\/RepeatChorusViewModel.swift","hash":"1c7eab6db95cd67aea2df08b22be5236fb212aa7"},{"path":"\/Users\/lukelu\/xCode\/Hymns-iOS\/Hymns\/Settings\/SettingsView.swift","hash":"49ed96db7791b494447e9875926ad17005256123"},{"path":"\/Users\/lukelu\/xCode\/Hymns-iOS\/Hymns\/Settings\/SettingsViewModel.swift","hash":"5e565a68ef5448d65bf3722588d3569885fb8028"},{"path":"\/Users\/lukelu\/xCode\/Hymns-iOS\/Hymns\/Settings\/SimpleSettingView.swift","hash":"1337054ab25f3533b4005021c2f29cd04d55af09"},{"path":"\/Users\/lukelu\/xCode\/Hymns-iOS\/Hymns\/Settings\/SimpleSettingViewModel.swift","hash":"a1ef4d5030742ffb9069c407329e1390e6faf9c8"},{"path":"\/Users\/lukelu\/xCode\/Hymns-iOS\/Hymns\/Tags\/ColorSelectorView.swift","hash":"8a584346feceb62e3a1efc055e606c451944ca49"},{"path":"\/Users\/lukelu\/xCode\/Hymns-iOS\/Hymns\/Tags\/TagColor.swift","hash":"17266983a57a0e7c5c49232bf426d5ebdfbd14aa"},{"path":"\/Users\/lukelu\/xCode\/Hymns-iOS\/Hymns\/Tags\/TagEntity.swift","hash":"c09c7498dbb66a922fa7c794c26de7cee4f1b315"},{"path":"\/Users\/lukelu\/xCode\/Hymns-iOS\/Hymns\/Tags\/TagPillModifier.swift","hash":"126fb8fafe31d9c4fc7c1fc31b89a10c70f280c1"},{"path":"\/Users\/lukelu\/xCode\/Hymns-iOS\/Hymns\/Tags\/TagSheetView.swift","hash":"8042e338857130381019059cd259919597efeae9"},{"path":"\/Users\/lukelu\/xCode\/Hymns-iOS\/Hymns\/Tags\/TagSheetViewModel.swift","hash":"334d5998a0f562aa47a7dec08e0feb1b134e4265"},{"path":"\/Users\/lukelu\/xCode\/Hymns-iOS\/Hymns\/Tags\/TagStore.swift","hash":"fb562096ea261983b5821462f0101a964f89f29e"},{"path":"\/Users\/lukelu\/xCode\/Hymns-iOS\/Hymns\/Tags\/UiTag.swift","hash":"56e27679cd504b7d9f2eccbf5cf4805fe20ca714"},{"path":"\/Users\/lukelu\/xCode\/Hymns-iOS\/Hymns\/Utility\/RegexUtil.swift","hash":"078b174af471695d64b268627c1f1c93f85537fc"},{"path":"\/Users\/lukelu\/xCode\/Hymns-iOS\/Hymns\/Utility\/SystemUtil.swift","hash":"a2cf20186cce841132691ff69faebc52ea4c620c"}],"configHash":"2d605578d06c2b0dc2e09ef5c3a7d4efe75d17ef","dependencyPathsHash":"da39a3ee5e6b4b0d3255bfef95601890afd80709","targetPathsHash":"2ebe87389c30f4e568ac4af98b42ff7cb14b7ddc","mockedTypesHash":null,"outputHash":"f0c270dd0a949ad2590c7a4cddfa4088bde0c102","dependencies":[],"sourceRoot":"\/Users\/lukelu\/xCode\/Hymns-iOS","supportingFilePaths":[],"name":"Hymns","projectHash":"58748926a7f41675230c8f1396fdfd8ffbc4e2fd"}